<?xml version="1.0" encoding="utf-8"?>
<Project ToolsVersion="4.0" xmlns="http://schemas.microsoft.com/developer/msbuild/2003">
  <ItemGroup>
    <ClCompile Include="GeneratedFiles\Release\moc_gbot.cpp">
      <Filter>GeneratedFiles</Filter>
    </ClCompile>
    <ClCompile Include="GeneratedFiles\Debug\moc_gbot.cpp">
      <Filter>GeneratedFiles</Filter>
    </ClCompile>
    <ClCompile Include="GeneratedFiles\qrc_gbot.cpp">
      <Filter>GeneratedFiles</Filter>
    </ClCompile>
    <ClCompile Include="gbot.cpp">
      <Filter>Source Files</Filter>
    </ClCompile>
    <ClCompile Include="WorldSimulator.cpp">
      <Filter>Source Files</Filter>
    </ClCompile>
    <ClCompile Include="Log.cpp">
      <Filter>Source Files</Filter>
    </ClCompile>
    <ClCompile Include="main.cpp">
      <Filter>Source Files</Filter>
    </ClCompile>
    <ClCompile Include="PathSystem.cpp">
      <Filter>Source Files</Filter>
    </ClCompile>
    <ClCompile Include="baseSettings.cpp">
      <Filter>Source Files</Filter>
    </ClCompile>
    <ClCompile Include="inputSim.cpp">
      <Filter>Source Files</Filter>
    </ClCompile>
    <ClCompile Include="focusmap.cpp">
      <Filter>Source Files</Filter>
    </ClCompile>
    <ClCompile Include="GeneratedFiles\Debug\moc_focusmap.cpp">
      <Filter>Generated Files\Debug</Filter>
    </ClCompile>
    <ClCompile Include="GeneratedFiles\Release\moc_focusmap.cpp">
      <Filter>Generated Files\Release</Filter>
    </ClCompile>
    <ClCompile Include="focusmapviews.cpp">
      <Filter>Source Files</Filter>
    </ClCompile>
    <ClCompile Include="GeneratedFiles\Debug\moc_focusmapviews.cpp">
      <Filter>Generated Files\Debug</Filter>
    </ClCompile>
    <ClCompile Include="GeneratedFiles\Release\moc_focusmapviews.cpp">
      <Filter>Generated Files\Release</Filter>
    </ClCompile>
    <ClCompile Include="playerhud.cpp">
      <Filter>Source Files</Filter>
    </ClCompile>
    <ClCompile Include="GeneratedFiles\Debug\moc_playerhud.cpp">
      <Filter>Generated Files\Debug</Filter>
    </ClCompile>
    <ClCompile Include="GeneratedFiles\Release\moc_playerhud.cpp">
      <Filter>Generated Files\Release</Filter>
    </ClCompile>
    <ClCompile Include="GeneratedFiles\Debug\moc_PathSystem.cpp">
      <Filter>Generated Files\Debug</Filter>
    </ClCompile>
    <ClCompile Include="GeneratedFiles\Release\moc_PathSystem.cpp">
      <Filter>Generated Files\Release</Filter>
    </ClCompile>
    <ClCompile Include="gbothud.cpp">
      <Filter>Source Files</Filter>
    </ClCompile>
    <ClCompile Include="GeneratedFiles\Debug\moc_gbothud.cpp">
      <Filter>Generated Files\Debug</Filter>
    </ClCompile>
    <ClCompile Include="GeneratedFiles\Release\moc_gbothud.cpp">
      <Filter>Generated Files\Release</Filter>
    </ClCompile>
    <ClCompile Include="attacksystem.cpp">
      <Filter>Source Files</Filter>
    </ClCompile>
    <ClCompile Include="GeneratedFiles\Debug\moc_attacksystem.cpp">
      <Filter>Generated Files\Debug</Filter>
    </ClCompile>
    <ClCompile Include="GeneratedFiles\Release\moc_attacksystem.cpp">
      <Filter>Generated Files\Release</Filter>
    </ClCompile>
    <ClCompile Include="pvebotsetup.cpp">
      <Filter>Source Files</Filter>
    </ClCompile>
    <ClCompile Include="GeneratedFiles\Debug\moc_pvebotsetup.cpp">
      <Filter>Generated Files\Debug</Filter>
    </ClCompile>
    <ClCompile Include="GeneratedFiles\Release\moc_pvebotsetup.cpp">
      <Filter>Generated Files\Release</Filter>
    </ClCompile>
    <ClCompile Include="setupbotdlg.cpp">
      <Filter>Source Files</Filter>
    </ClCompile>
    <ClCompile Include="GeneratedFiles\Debug\moc_setupbotdlg.cpp">
      <Filter>Generated Files\Debug</Filter>
    </ClCompile>
    <ClCompile Include="GeneratedFiles\Release\moc_setupbotdlg.cpp">
      <Filter>Generated Files\Release</Filter>
    </ClCompile>
    <ClCompile Include="rotationconfigdlg.cpp">
      <Filter>Source Files</Filter>
    </ClCompile>
    <ClCompile Include="GeneratedFiles\Debug\moc_rotationconfigdlg.cpp">
      <Filter>Generated Files\Debug</Filter>
    </ClCompile>
    <ClCompile Include="GeneratedFiles\Release\moc_rotationconfigdlg.cpp">
      <Filter>Generated Files\Release</Filter>
    </ClCompile>
    <ClCompile Include="enternamedlg.cpp">
      <Filter>Source Files</Filter>
    </ClCompile>
    <ClCompile Include="GeneratedFiles\Debug\moc_enternamedlg.cpp">
      <Filter>Generated Files\Debug</Filter>
    </ClCompile>
    <ClCompile Include="GeneratedFiles\Release\moc_enternamedlg.cpp">
      <Filter>Generated Files\Release</Filter>
    </ClCompile>
    <ClCompile Include="rotationtimer.cpp">
      <Filter>Source Files</Filter>
    </ClCompile>
    <ClCompile Include="GeneratedFiles\Debug\moc_rotationtimer.cpp">
      <Filter>Generated Files\Debug</Filter>
    </ClCompile>
    <ClCompile Include="GeneratedFiles\Release\moc_rotationtimer.cpp">
      <Filter>Generated Files\Release</Filter>
    </ClCompile>
  </ItemGroup>
  <ItemGroup>
    <ClInclude Include="GeneratedFiles\ui_gbot.h">
      <Filter>GeneratedFiles</Filter>
    </ClInclude>
    <ClInclude Include="Log.h">
      <Filter>Header Files</Filter>
    </ClInclude>
    <ClInclude Include="memaddresses.h">
      <Filter>Header Files</Filter>
    </ClInclude>
    <ClInclude Include="WorldSimulator.h">
      <Filter>Header Files</Filter>
    </ClInclude>
    <ClInclude Include="baseSettings.h">
      <Filter>Header Files</Filter>
    </ClInclude>
    <ClInclude Include="inputSim.h">
      <Filter>Header Files</Filter>
    </ClInclude>
    <ClInclude Include="GeneratedFiles\ui_focusmap.h">
      <Filter>Generated Files</Filter>
    </ClInclude>
    <ClInclude Include="GeneratedFiles\ui_playerhud.h">
      <Filter>Generated Files</Filter>
    </ClInclude>
    <ClInclude Include="GeneratedFiles\ui_gbothud.h">
      <Filter>Generated Files</Filter>
    </ClInclude>
    <ClInclude Include="GeneratedFiles\ui_pvebotsetup.h">
      <Filter>Generated Files</Filter>
    </ClInclude>
    <ClInclude Include="GeneratedFiles\ui_setupbotdlg.h">
      <Filter>Generated Files</Filter>
    </ClInclude>
    <ClInclude Include="GeneratedFiles\ui_rotationconfigdlg.h">
      <Filter>Generated Files</Filter>
    </ClInclude>
    <ClInclude Include="Structures.h">
      <Filter>Header Files</Filter>
    </ClInclude>
    <ClInclude Include="GeneratedFiles\ui_enternamedlg.h">
      <Filter>Generated Files</Filter>
    </ClInclude>
  </ItemGroup>
  <ItemGroup>
    <CustomBuild Include="gbot.h">
      <Filter>Header Files</Filter>
    </CustomBuild>
    <CustomBuild Include="gbot.ui">
      <Filter>Form Files</Filter>
    </CustomBuild>
    <CustomBuild Include="gbot.qrc">
      <Filter>Resource Files</Filter>
    </CustomBuild>
    <CustomBuild Include="focusmap.h">
      <Filter>Header Files</Filter>
    </CustomBuild>
    <CustomBuild Include="focusmap.ui">
      <Filter>Form Files</Filter>
    </CustomBuild>
    <CustomBuild Include="focusmapviews.h">
      <Filter>Header Files</Filter>
    </CustomBuild>
    <CustomBuild Include="playerhud.h">
      <Filter>Header Files</Filter>
    </CustomBuild>
    <CustomBuild Include="playerhud.ui">
      <Filter>Form Files</Filter>
    </CustomBuild>
    <CustomBuild Include="PathSystem.h">
      <Filter>Header Files</Filter>
    </CustomBuild>
    <CustomBuild Include="gbothud.h">
      <Filter>Header Files</Filter>
    </CustomBuild>
    <CustomBuild Include="gbothud.ui">
      <Filter>Form Files</Filter>
    </CustomBuild>
    <CustomBuild Include="attacksystem.h">
      <Filter>Header Files</Filter>
    </CustomBuild>
    <CustomBuild Include="pvebotsetup.h">
      <Filter>Header Files</Filter>
    </CustomBuild>
    <CustomBuild Include="pvebotsetup.ui">
      <Filter>Form Files</Filter>
    </CustomBuild>
    <CustomBuild Include="setupbotdlg.h">
      <Filter>Header Files</Filter>
    </CustomBuild>
    <CustomBuild Include="setupbotdlg.ui">
      <Filter>Form Files</Filter>
    </CustomBuild>
    <CustomBuild Include="rotationconfigdlg.h">
      <Filter>Header Files</Filter>
    </CustomBuild>
    <CustomBuild Include="rotationconfigdlg.ui">
      <Filter>Form Files</Filter>
    </CustomBuild>
    <CustomBuild Include="enternamedlg.h">
      <Filter>Header Files</Filter>
    </CustomBuild>
    <CustomBuild Include="enternamedlg.ui">
      <Filter>Form Files</Filter>
    </CustomBuild>
    <CustomBuild Include="rotationtimer.h">
      <Filter>Header Files</Filter>
    </CustomBuild>
  </ItemGroup>
  <ItemGroup>
    <Filter Include="GeneratedFiles">
      <UniqueIdentifier>{a5edfd0a-91dc-40bd-81dd-9b4920bd2907}</UniqueIdentifier>
    </Filter>
    <Filter Include="Header Files">
      <UniqueIdentifier>{93995380-89BD-4b04-88EB-625FBE52EBFB}</UniqueIdentifier>
      <Extensions>h</Extensions>
      <ParseFiles>true</ParseFiles>
    </Filter>
    <Filter Include="Form Files">
      <UniqueIdentifier>{99349809-55BA-4b9d-BF79-8FDBB0286EB3}</UniqueIdentifier>
      <Extensions>ui</Extensions>
      <ParseFiles>true</ParseFiles>
    </Filter>
    <Filter Include="Resource Files">
      <UniqueIdentifier>{9b8b644b-555d-46ec-91fe-f8742fbe4411}</UniqueIdentifier>
    </Filter>
    <Filter Include="Source Files">
      <UniqueIdentifier>{4FC737F1-C7A5-4376-A066-2A32D752A2FF}</UniqueIdentifier>
      <Extensions>cpp;cxx;c;def</Extensions>
      <ParseFiles>true</ParseFiles>
    </Filter>
    <Filter Include="Generated Files">
      <UniqueIdentifier>{71ED8ED8-ACB9-4CE9-BBE1-E00B30144E11}</UniqueIdentifier>
      <Extensions>moc;h;cpp</Extensions>
      <ParseFiles>true</ParseFiles>
    </Filter>
    <Filter Include="Generated Files\Debug">
      <UniqueIdentifier>{6e24012f-174e-43ae-854f-ebee58908170}</UniqueIdentifier>
      <Extensions>cpp;moc</Extensions>
      <SourceControlFiles>False</SourceControlFiles>
    </Filter>
    <Filter Include="Generated Files\Release">
      <UniqueIdentifier>{0e706f2f-082c-4ba5-a76e-87d834a6ee95}</UniqueIdentifier>
      <Extensions>cpp;moc</Extensions>
      <SourceControlFiles>False</SourceControlFiles>
    </Filter>
  </ItemGroup>
  <ItemGroup>
    <ResourceCompile Include="GBot.rc">
      <Filter>Resource Files</Filter>
    </ResourceCompile>
  </ItemGroup>
</Project>